// !$*UTF8*$!
{
	archiveVersion = 1;
	classes = {
	};
	objectVersion = 55;
	objects = {

/* Begin PBXBuildFile section */
		18F9AF3C5B199A304204B6F8 /* Pods_Quiz.framework in Frameworks */ = {isa = PBXBuildFile; fileRef = D15AFCB8D62418F4C6100C2F /* Pods_Quiz.framework */; };
		52EEC21679071346200C6E2F /* Pods_Quiz_QuizUITests.framework in Frameworks */ = {isa = PBXBuildFile; fileRef = BE846028F171479057164105 /* Pods_Quiz_QuizUITests.framework */; };
		BB6A116927DF88EA006A7174 /* AppDelegate.swift in Sources */ = {isa = PBXBuildFile; fileRef = BB6A116827DF88EA006A7174 /* AppDelegate.swift */; };
		BB6A116B27DF88EA006A7174 /* SceneDelegate.swift in Sources */ = {isa = PBXBuildFile; fileRef = BB6A116A27DF88EA006A7174 /* SceneDelegate.swift */; };
		BB6A117027DF88EA006A7174 /* Main.storyboard in Resources */ = {isa = PBXBuildFile; fileRef = BB6A116E27DF88EA006A7174 /* Main.storyboard */; };
		BB6A117227DF88ED006A7174 /* Assets.xcassets in Resources */ = {isa = PBXBuildFile; fileRef = BB6A117127DF88ED006A7174 /* Assets.xcassets */; };
		BB6A117527DF88ED006A7174 /* LaunchScreen.storyboard in Resources */ = {isa = PBXBuildFile; fileRef = BB6A117327DF88ED006A7174 /* LaunchScreen.storyboard */; };
		BB6A118127DF8971006A7174 /* QuestionForm.swift in Sources */ = {isa = PBXBuildFile; fileRef = BB6A118027DF8971006A7174 /* QuestionForm.swift */; };
		BB6A118327DF8AD5006A7174 /* QuestionViewController.swift in Sources */ = {isa = PBXBuildFile; fileRef = BB6A118227DF8AD5006A7174 /* QuestionViewController.swift */; };
		BB6A118627E07970006A7174 /* Extensions.swift in Sources */ = {isa = PBXBuildFile; fileRef = BB6A118527E07970006A7174 /* Extensions.swift */; };
		BB6A118C27E0B61F006A7174 /* AnswerCell.swift in Sources */ = {isa = PBXBuildFile; fileRef = BB6A118B27E0B61F006A7174 /* AnswerCell.swift */; };
		BB6A119427E20208006A7174 /* QuizUITests.swift in Sources */ = {isa = PBXBuildFile; fileRef = BB6A119327E20208006A7174 /* QuizUITests.swift */; };
		BB6A119627E20208006A7174 /* QuizUITestsLaunchTests.swift in Sources */ = {isa = PBXBuildFile; fileRef = BB6A119527E20208006A7174 /* QuizUITestsLaunchTests.swift */; };
		BB6A119E27E358BA006A7174 /* NetworkService.swift in Sources */ = {isa = PBXBuildFile; fileRef = BB6A119D27E358BA006A7174 /* NetworkService.swift */; };
		BB6A11A227E4A431006A7174 /* Question.swift in Sources */ = {isa = PBXBuildFile; fileRef = BB6A11A127E4A431006A7174 /* Question.swift */; };
		BB6A11AA27E89A37006A7174 /* QuizTests.swift in Sources */ = {isa = PBXBuildFile; fileRef = BB6A11A927E89A37006A7174 /* QuizTests.swift */; };
		BB6A11B127E8C446006A7174 /* StartViewController.swift in Sources */ = {isa = PBXBuildFile; fileRef = BB6A11B027E8C446006A7174 /* StartViewController.swift */; };
		BB6A11B327E9B033006A7174 /* CategoryChoice.swift in Sources */ = {isa = PBXBuildFile; fileRef = BB6A11B227E9B033006A7174 /* CategoryChoice.swift */; };
		BB6A11B527E9FD92006A7174 /* StartButton.swift in Sources */ = {isa = PBXBuildFile; fileRef = BB6A11B427E9FD92006A7174 /* StartButton.swift */; };
		BB6A11B927EB15B6006A7174 /* LimitButton.swift in Sources */ = {isa = PBXBuildFile; fileRef = BB6A11B827EB15B6006A7174 /* LimitButton.swift */; };
/* End PBXBuildFile section */

/* Begin PBXContainerItemProxy section */
		BB6A119727E20208006A7174 /* PBXContainerItemProxy */ = {
			isa = PBXContainerItemProxy;
			containerPortal = BB6A115D27DF88EA006A7174 /* Project object */;
			proxyType = 1;
			remoteGlobalIDString = BB6A116427DF88EA006A7174;
			remoteInfo = Quiz;
		};
		BB6A11AB27E89A37006A7174 /* PBXContainerItemProxy */ = {
			isa = PBXContainerItemProxy;
			containerPortal = BB6A115D27DF88EA006A7174 /* Project object */;
			proxyType = 1;
			remoteGlobalIDString = BB6A116427DF88EA006A7174;
			remoteInfo = Quiz;
		};
/* End PBXContainerItemProxy section */

/* Begin PBXFileReference section */
		24BB7B95D4928A42A55437F6 /* Pods-Quiz-QuizUITests.debug.xcconfig */ = {isa = PBXFileReference; includeInIndex = 1; lastKnownFileType = text.xcconfig; name = "Pods-Quiz-QuizUITests.debug.xcconfig"; path = "Target Support Files/Pods-Quiz-QuizUITests/Pods-Quiz-QuizUITests.debug.xcconfig"; sourceTree = "<group>"; };
		2C5C7CABD1D4A5FE033F9256 /* Pods-Quiz.release.xcconfig */ = {isa = PBXFileReference; includeInIndex = 1; lastKnownFileType = text.xcconfig; name = "Pods-Quiz.release.xcconfig"; path = "Target Support Files/Pods-Quiz/Pods-Quiz.release.xcconfig"; sourceTree = "<group>"; };
		35D6A9D9C246E6D9096E0D99 /* Pods-Quiz-QuizUITests.release.xcconfig */ = {isa = PBXFileReference; includeInIndex = 1; lastKnownFileType = text.xcconfig; name = "Pods-Quiz-QuizUITests.release.xcconfig"; path = "Target Support Files/Pods-Quiz-QuizUITests/Pods-Quiz-QuizUITests.release.xcconfig"; sourceTree = "<group>"; };
		8ABB210E3CD50492645B4E7B /* Pods-Quiz.debug.xcconfig */ = {isa = PBXFileReference; includeInIndex = 1; lastKnownFileType = text.xcconfig; name = "Pods-Quiz.debug.xcconfig"; path = "Target Support Files/Pods-Quiz/Pods-Quiz.debug.xcconfig"; sourceTree = "<group>"; };
		BB6A116527DF88EA006A7174 /* Quiz.app */ = {isa = PBXFileReference; explicitFileType = wrapper.application; includeInIndex = 0; path = Quiz.app; sourceTree = BUILT_PRODUCTS_DIR; };
		BB6A116827DF88EA006A7174 /* AppDelegate.swift */ = {isa = PBXFileReference; lastKnownFileType = sourcecode.swift; path = AppDelegate.swift; sourceTree = "<group>"; };
		BB6A116A27DF88EA006A7174 /* SceneDelegate.swift */ = {isa = PBXFileReference; lastKnownFileType = sourcecode.swift; path = SceneDelegate.swift; sourceTree = "<group>"; };
		BB6A116F27DF88EA006A7174 /* Base */ = {isa = PBXFileReference; lastKnownFileType = file.storyboard; name = Base; path = Base.lproj/Main.storyboard; sourceTree = "<group>"; };
		BB6A117127DF88ED006A7174 /* Assets.xcassets */ = {isa = PBXFileReference; lastKnownFileType = folder.assetcatalog; path = Assets.xcassets; sourceTree = "<group>"; };
		BB6A117427DF88ED006A7174 /* Base */ = {isa = PBXFileReference; lastKnownFileType = file.storyboard; name = Base; path = Base.lproj/LaunchScreen.storyboard; sourceTree = "<group>"; };
		BB6A117627DF88ED006A7174 /* Info.plist */ = {isa = PBXFileReference; lastKnownFileType = text.plist.xml; path = Info.plist; sourceTree = "<group>"; };
		BB6A118027DF8971006A7174 /* QuestionForm.swift */ = {isa = PBXFileReference; lastKnownFileType = sourcecode.swift; path = QuestionForm.swift; sourceTree = "<group>"; };
		BB6A118227DF8AD5006A7174 /* QuestionViewController.swift */ = {isa = PBXFileReference; lastKnownFileType = sourcecode.swift; path = QuestionViewController.swift; sourceTree = "<group>"; };
		BB6A118527E07970006A7174 /* Extensions.swift */ = {isa = PBXFileReference; lastKnownFileType = sourcecode.swift; path = Extensions.swift; sourceTree = "<group>"; };
		BB6A118B27E0B61F006A7174 /* AnswerCell.swift */ = {isa = PBXFileReference; lastKnownFileType = sourcecode.swift; path = AnswerCell.swift; sourceTree = "<group>"; };
		BB6A119127E20207006A7174 /* QuizUITests.xctest */ = {isa = PBXFileReference; explicitFileType = wrapper.cfbundle; includeInIndex = 0; path = QuizUITests.xctest; sourceTree = BUILT_PRODUCTS_DIR; };
		BB6A119327E20208006A7174 /* QuizUITests.swift */ = {isa = PBXFileReference; lastKnownFileType = sourcecode.swift; path = QuizUITests.swift; sourceTree = "<group>"; };
		BB6A119527E20208006A7174 /* QuizUITestsLaunchTests.swift */ = {isa = PBXFileReference; lastKnownFileType = sourcecode.swift; path = QuizUITestsLaunchTests.swift; sourceTree = "<group>"; };
		BB6A119D27E358BA006A7174 /* NetworkService.swift */ = {isa = PBXFileReference; lastKnownFileType = sourcecode.swift; path = NetworkService.swift; sourceTree = "<group>"; };
		BB6A11A127E4A431006A7174 /* Question.swift */ = {isa = PBXFileReference; lastKnownFileType = sourcecode.swift; path = Question.swift; sourceTree = "<group>"; };
		BB6A11A727E89A37006A7174 /* QuizTests.xctest */ = {isa = PBXFileReference; explicitFileType = wrapper.cfbundle; includeInIndex = 0; path = QuizTests.xctest; sourceTree = BUILT_PRODUCTS_DIR; };
		BB6A11A927E89A37006A7174 /* QuizTests.swift */ = {isa = PBXFileReference; lastKnownFileType = sourcecode.swift; path = QuizTests.swift; sourceTree = "<group>"; };
		BB6A11B027E8C446006A7174 /* StartViewController.swift */ = {isa = PBXFileReference; lastKnownFileType = sourcecode.swift; path = StartViewController.swift; sourceTree = "<group>"; };
		BB6A11B227E9B033006A7174 /* CategoryChoice.swift */ = {isa = PBXFileReference; lastKnownFileType = sourcecode.swift; path = CategoryChoice.swift; sourceTree = "<group>"; };
		BB6A11B427E9FD92006A7174 /* StartButton.swift */ = {isa = PBXFileReference; lastKnownFileType = sourcecode.swift; path = StartButton.swift; sourceTree = "<group>"; };
		BB6A11B827EB15B6006A7174 /* LimitButton.swift */ = {isa = PBXFileReference; lastKnownFileType = sourcecode.swift; path = LimitButton.swift; sourceTree = "<group>"; };
		BE846028F171479057164105 /* Pods_Quiz_QuizUITests.framework */ = {isa = PBXFileReference; explicitFileType = wrapper.framework; includeInIndex = 0; path = Pods_Quiz_QuizUITests.framework; sourceTree = BUILT_PRODUCTS_DIR; };
		D15AFCB8D62418F4C6100C2F /* Pods_Quiz.framework */ = {isa = PBXFileReference; explicitFileType = wrapper.framework; includeInIndex = 0; path = Pods_Quiz.framework; sourceTree = BUILT_PRODUCTS_DIR; };
/* End PBXFileReference section */

/* Begin PBXFrameworksBuildPhase section */
		BB6A116227DF88EA006A7174 /* Frameworks */ = {
			isa = PBXFrameworksBuildPhase;
			buildActionMask = 2147483647;
			files = (
				18F9AF3C5B199A304204B6F8 /* Pods_Quiz.framework in Frameworks */,
			);
			runOnlyForDeploymentPostprocessing = 0;
		};
		BB6A118E27E20207006A7174 /* Frameworks */ = {
			isa = PBXFrameworksBuildPhase;
			buildActionMask = 2147483647;
			files = (
				52EEC21679071346200C6E2F /* Pods_Quiz_QuizUITests.framework in Frameworks */,
			);
			runOnlyForDeploymentPostprocessing = 0;
		};
		BB6A11A427E89A37006A7174 /* Frameworks */ = {
			isa = PBXFrameworksBuildPhase;
			buildActionMask = 2147483647;
			files = (
			);
			runOnlyForDeploymentPostprocessing = 0;
		};
/* End PBXFrameworksBuildPhase section */

/* Begin PBXGroup section */
		68B31C61559DD29F18F3A95D /* Frameworks */ = {
			isa = PBXGroup;
			children = (
				D15AFCB8D62418F4C6100C2F /* Pods_Quiz.framework */,
				BE846028F171479057164105 /* Pods_Quiz_QuizUITests.framework */,
			);
			name = Frameworks;
			sourceTree = "<group>";
		};
		79E2A03A7DBC6214617AE5C3 /* Pods */ = {
			isa = PBXGroup;
			children = (
				8ABB210E3CD50492645B4E7B /* Pods-Quiz.debug.xcconfig */,
				2C5C7CABD1D4A5FE033F9256 /* Pods-Quiz.release.xcconfig */,
				24BB7B95D4928A42A55437F6 /* Pods-Quiz-QuizUITests.debug.xcconfig */,
				35D6A9D9C246E6D9096E0D99 /* Pods-Quiz-QuizUITests.release.xcconfig */,
			);
			path = Pods;
			sourceTree = "<group>";
		};
		BB6A115C27DF88EA006A7174 = {
			isa = PBXGroup;
			children = (
				BB6A116727DF88EA006A7174 /* Quiz */,
				BB6A119227E20208006A7174 /* QuizUITests */,
				BB6A11A827E89A37006A7174 /* QuizTests */,
				BB6A116627DF88EA006A7174 /* Products */,
				79E2A03A7DBC6214617AE5C3 /* Pods */,
				68B31C61559DD29F18F3A95D /* Frameworks */,
			);
			sourceTree = "<group>";
		};
		BB6A116627DF88EA006A7174 /* Products */ = {
			isa = PBXGroup;
			children = (
				BB6A116527DF88EA006A7174 /* Quiz.app */,
				BB6A119127E20207006A7174 /* QuizUITests.xctest */,
				BB6A11A727E89A37006A7174 /* QuizTests.xctest */,
			);
			name = Products;
			sourceTree = "<group>";
		};
		BB6A116727DF88EA006A7174 /* Quiz */ = {
			isa = PBXGroup;
			children = (
				BB6A117F27DF890A006A7174 /* Model */,
				BB6A117E27DF8908006A7174 /* View */,
				BB6A117C27DF88FA006A7174 /* Controller */,
				BB6A118427E07959006A7174 /* Utils */,
				BB6A119C27E35834006A7174 /* API */,
				BB6A116827DF88EA006A7174 /* AppDelegate.swift */,
				BB6A116A27DF88EA006A7174 /* SceneDelegate.swift */,
				BB6A116E27DF88EA006A7174 /* Main.storyboard */,
				BB6A117127DF88ED006A7174 /* Assets.xcassets */,
				BB6A117327DF88ED006A7174 /* LaunchScreen.storyboard */,
				BB6A117627DF88ED006A7174 /* Info.plist */,
			);
			path = Quiz;
			sourceTree = "<group>";
		};
		BB6A117C27DF88FA006A7174 /* Controller */ = {
			isa = PBXGroup;
			children = (
				BB6A118227DF8AD5006A7174 /* QuestionViewController.swift */,
				BB6A11B027E8C446006A7174 /* StartViewController.swift */,
			);
			path = Controller;
			sourceTree = "<group>";
		};
		BB6A117E27DF8908006A7174 /* View */ = {
			isa = PBXGroup;
			children = (
				BB6A118027DF8971006A7174 /* QuestionForm.swift */,
				BB6A118B27E0B61F006A7174 /* AnswerCell.swift */,
				BB6A11B227E9B033006A7174 /* CategoryChoice.swift */,
				BB6A11B427E9FD92006A7174 /* StartButton.swift */,
				BB6A11B827EB15B6006A7174 /* LimitButton.swift */,
			);
			path = View;
			sourceTree = "<group>";
		};
		BB6A117F27DF890A006A7174 /* Model */ = {
			isa = PBXGroup;
			children = (
				BB6A11A127E4A431006A7174 /* Question.swift */,
			);
			path = Model;
			sourceTree = "<group>";
		};
		BB6A118427E07959006A7174 /* Utils */ = {
			isa = PBXGroup;
			children = (
				BB6A118527E07970006A7174 /* Extensions.swift */,
			);
			path = Utils;
			sourceTree = "<group>";
		};
		BB6A119227E20208006A7174 /* QuizUITests */ = {
			isa = PBXGroup;
			children = (
				BB6A119327E20208006A7174 /* QuizUITests.swift */,
				BB6A119527E20208006A7174 /* QuizUITestsLaunchTests.swift */,
			);
			path = QuizUITests;
			sourceTree = "<group>";
		};
		BB6A119C27E35834006A7174 /* API */ = {
			isa = PBXGroup;
			children = (
				BB6A119D27E358BA006A7174 /* NetworkService.swift */,
			);
			path = API;
			sourceTree = "<group>";
		};
		BB6A11A827E89A37006A7174 /* QuizTests */ = {
			isa = PBXGroup;
			children = (
				BB6A11A927E89A37006A7174 /* QuizTests.swift */,
			);
			path = QuizTests;
			sourceTree = "<group>";
		};
/* End PBXGroup section */

/* Begin PBXNativeTarget section */
		BB6A116427DF88EA006A7174 /* Quiz */ = {
			isa = PBXNativeTarget;
			buildConfigurationList = BB6A117927DF88ED006A7174 /* Build configuration list for PBXNativeTarget "Quiz" */;
			buildPhases = (
				D1650576034B294C8CB84805 /* [CP] Check Pods Manifest.lock */,
				BB6A116127DF88EA006A7174 /* Sources */,
				BB6A116227DF88EA006A7174 /* Frameworks */,
				BB6A116327DF88EA006A7174 /* Resources */,
				F49D8B4A52D6EE777FA7AC80 /* [CP] Embed Pods Frameworks */,
			);
			buildRules = (
			);
			dependencies = (
			);
			name = Quiz;
			productName = Quiz;
			productReference = BB6A116527DF88EA006A7174 /* Quiz.app */;
			productType = "com.apple.product-type.application";
		};
		BB6A119027E20207006A7174 /* QuizUITests */ = {
			isa = PBXNativeTarget;
			buildConfigurationList = BB6A119927E20208006A7174 /* Build configuration list for PBXNativeTarget "QuizUITests" */;
			buildPhases = (
				A897B8CE5CEE61FB21055DCC /* [CP] Check Pods Manifest.lock */,
				BB6A118D27E20207006A7174 /* Sources */,
				BB6A118E27E20207006A7174 /* Frameworks */,
				BB6A118F27E20207006A7174 /* Resources */,
				C70D24EB76D41713CE01A6E3 /* [CP] Embed Pods Frameworks */,
			);
			buildRules = (
			);
			dependencies = (
				BB6A119827E20208006A7174 /* PBXTargetDependency */,
			);
			name = QuizUITests;
			productName = QuizUITests;
			productReference = BB6A119127E20207006A7174 /* QuizUITests.xctest */;
			productType = "com.apple.product-type.bundle.ui-testing";
		};
		BB6A11A627E89A37006A7174 /* QuizTests */ = {
			isa = PBXNativeTarget;
			buildConfigurationList = BB6A11AD27E89A37006A7174 /* Build configuration list for PBXNativeTarget "QuizTests" */;
			buildPhases = (
				BB6A11A327E89A37006A7174 /* Sources */,
				BB6A11A427E89A37006A7174 /* Frameworks */,
				BB6A11A527E89A37006A7174 /* Resources */,
			);
			buildRules = (
			);
			dependencies = (
				BB6A11AC27E89A37006A7174 /* PBXTargetDependency */,
			);
			name = QuizTests;
			productName = QuizTests;
			productReference = BB6A11A727E89A37006A7174 /* QuizTests.xctest */;
			productType = "com.apple.product-type.bundle.unit-test";
		};
/* End PBXNativeTarget section */

/* Begin PBXProject section */
		BB6A115D27DF88EA006A7174 /* Project object */ = {
			isa = PBXProject;
			attributes = {
				BuildIndependentTargetsInParallel = 1;
				LastSwiftUpdateCheck = 1320;
				LastUpgradeCheck = 1320;
				TargetAttributes = {
					BB6A116427DF88EA006A7174 = {
						CreatedOnToolsVersion = 13.2.1;
					};
					BB6A119027E20207006A7174 = {
						CreatedOnToolsVersion = 13.2.1;
						TestTargetID = BB6A116427DF88EA006A7174;
					};
					BB6A11A627E89A37006A7174 = {
						CreatedOnToolsVersion = 13.2.1;
						TestTargetID = BB6A116427DF88EA006A7174;
					};
				};
			};
			buildConfigurationList = BB6A116027DF88EA006A7174 /* Build configuration list for PBXProject "Quiz" */;
			compatibilityVersion = "Xcode 13.0";
			developmentRegion = en;
			hasScannedForEncodings = 0;
			knownRegions = (
				en,
				Base,
			);
			mainGroup = BB6A115C27DF88EA006A7174;
			productRefGroup = BB6A116627DF88EA006A7174 /* Products */;
			projectDirPath = "";
			projectRoot = "";
			targets = (
				BB6A116427DF88EA006A7174 /* Quiz */,
				BB6A119027E20207006A7174 /* QuizUITests */,
				BB6A11A627E89A37006A7174 /* QuizTests */,
			);
		};
/* End PBXProject section */

/* Begin PBXResourcesBuildPhase section */
		BB6A116327DF88EA006A7174 /* Resources */ = {
			isa = PBXResourcesBuildPhase;
			buildActionMask = 2147483647;
			files = (
				BB6A117527DF88ED006A7174 /* LaunchScreen.storyboard in Resources */,
				BB6A117227DF88ED006A7174 /* Assets.xcassets in Resources */,
				BB6A117027DF88EA006A7174 /* Main.storyboard in Resources */,
			);
			runOnlyForDeploymentPostprocessing = 0;
		};
		BB6A118F27E20207006A7174 /* Resources */ = {
			isa = PBXResourcesBuildPhase;
			buildActionMask = 2147483647;
			files = (
			);
			runOnlyForDeploymentPostprocessing = 0;
		};
		BB6A11A527E89A37006A7174 /* Resources */ = {
			isa = PBXResourcesBuildPhase;
			buildActionMask = 2147483647;
			files = (
			);
			runOnlyForDeploymentPostprocessing = 0;
		};
/* End PBXResourcesBuildPhase section */

/* Begin PBXShellScriptBuildPhase section */
		A897B8CE5CEE61FB21055DCC /* [CP] Check Pods Manifest.lock */ = {
			isa = PBXShellScriptBuildPhase;
			buildActionMask = 2147483647;
			files = (
			);
			inputFileListPaths = (
			);
			inputPaths = (
				"${PODS_PODFILE_DIR_PATH}/Podfile.lock",
				"${PODS_ROOT}/Manifest.lock",
			);
			name = "[CP] Check Pods Manifest.lock";
			outputFileListPaths = (
			);
			outputPaths = (
				"$(DERIVED_FILE_DIR)/Pods-Quiz-QuizUITests-checkManifestLockResult.txt",
			);
			runOnlyForDeploymentPostprocessing = 0;
			shellPath = /bin/sh;
			shellScript = "diff \"${PODS_PODFILE_DIR_PATH}/Podfile.lock\" \"${PODS_ROOT}/Manifest.lock\" > /dev/null\nif [ $? != 0 ] ; then\n    # print error to STDERR\n    echo \"error: The sandbox is not in sync with the Podfile.lock. Run 'pod install' or update your CocoaPods installation.\" >&2\n    exit 1\nfi\n# This output is used by Xcode 'outputs' to avoid re-running this script phase.\necho \"SUCCESS\" > \"${SCRIPT_OUTPUT_FILE_0}\"\n";
			showEnvVarsInLog = 0;
		};
		C70D24EB76D41713CE01A6E3 /* [CP] Embed Pods Frameworks */ = {
			isa = PBXShellScriptBuildPhase;
			buildActionMask = 2147483647;
			files = (
			);
			inputFileListPaths = (
				"${PODS_ROOT}/Target Support Files/Pods-Quiz-QuizUITests/Pods-Quiz-QuizUITests-frameworks-${CONFIGURATION}-input-files.xcfilelist",
			);
			name = "[CP] Embed Pods Frameworks";
			outputFileListPaths = (
				"${PODS_ROOT}/Target Support Files/Pods-Quiz-QuizUITests/Pods-Quiz-QuizUITests-frameworks-${CONFIGURATION}-output-files.xcfilelist",
			);
			runOnlyForDeploymentPostprocessing = 0;
			shellPath = /bin/sh;
			shellScript = "\"${PODS_ROOT}/Target Support Files/Pods-Quiz-QuizUITests/Pods-Quiz-QuizUITests-frameworks.sh\"\n";
			showEnvVarsInLog = 0;
		};
		D1650576034B294C8CB84805 /* [CP] Check Pods Manifest.lock */ = {
			isa = PBXShellScriptBuildPhase;
			buildActionMask = 2147483647;
			files = (
			);
			inputFileListPaths = (
			);
			inputPaths = (
				"${PODS_PODFILE_DIR_PATH}/Podfile.lock",
				"${PODS_ROOT}/Manifest.lock",
			);
			name = "[CP] Check Pods Manifest.lock";
			outputFileListPaths = (
			);
			outputPaths = (
				"$(DERIVED_FILE_DIR)/Pods-Quiz-checkManifestLockResult.txt",
			);
			runOnlyForDeploymentPostprocessing = 0;
			shellPath = /bin/sh;
			shellScript = "diff \"${PODS_PODFILE_DIR_PATH}/Podfile.lock\" \"${PODS_ROOT}/Manifest.lock\" > /dev/null\nif [ $? != 0 ] ; then\n    # print error to STDERR\n    echo \"error: The sandbox is not in sync with the Podfile.lock. Run 'pod install' or update your CocoaPods installation.\" >&2\n    exit 1\nfi\n# This output is used by Xcode 'outputs' to avoid re-running this script phase.\necho \"SUCCESS\" > \"${SCRIPT_OUTPUT_FILE_0}\"\n";
			showEnvVarsInLog = 0;
		};
		F49D8B4A52D6EE777FA7AC80 /* [CP] Embed Pods Frameworks */ = {
			isa = PBXShellScriptBuildPhase;
			buildActionMask = 2147483647;
			files = (
			);
			inputFileListPaths = (
				"${PODS_ROOT}/Target Support Files/Pods-Quiz/Pods-Quiz-frameworks-${CONFIGURATION}-input-files.xcfilelist",
			);
			name = "[CP] Embed Pods Frameworks";
			outputFileListPaths = (
				"${PODS_ROOT}/Target Support Files/Pods-Quiz/Pods-Quiz-frameworks-${CONFIGURATION}-output-files.xcfilelist",
			);
			runOnlyForDeploymentPostprocessing = 0;
			shellPath = /bin/sh;
			shellScript = "\"${PODS_ROOT}/Target Support Files/Pods-Quiz/Pods-Quiz-frameworks.sh\"\n";
			showEnvVarsInLog = 0;
		};
/* End PBXShellScriptBuildPhase section */

/* Begin PBXSourcesBuildPhase section */
		BB6A116127DF88EA006A7174 /* Sources */ = {
			isa = PBXSourcesBuildPhase;
			buildActionMask = 2147483647;
			files = (
				BB6A118627E07970006A7174 /* Extensions.swift in Sources */,
				BB6A118127DF8971006A7174 /* QuestionForm.swift in Sources */,
				BB6A11B927EB15B6006A7174 /* LimitButton.swift in Sources */,
				BB6A116927DF88EA006A7174 /* AppDelegate.swift in Sources */,
				BB6A11B527E9FD92006A7174 /* StartButton.swift in Sources */,
				BB6A11A227E4A431006A7174 /* Question.swift in Sources */,
				BB6A118C27E0B61F006A7174 /* AnswerCell.swift in Sources */,
				BB6A11B127E8C446006A7174 /* StartViewController.swift in Sources */,
				BB6A118327DF8AD5006A7174 /* QuestionViewController.swift in Sources */,
				BB6A116B27DF88EA006A7174 /* SceneDelegate.swift in Sources */,
				BB6A11B327E9B033006A7174 /* CategoryChoice.swift in Sources */,
				BB6A119E27E358BA006A7174 /* NetworkService.swift in Sources */,
			);
			runOnlyForDeploymentPostprocessing = 0;
		};
		BB6A118D27E20207006A7174 /* Sources */ = {
			isa = PBXSourcesBuildPhase;
			buildActionMask = 2147483647;
			files = (
				BB6A119427E20208006A7174 /* QuizUITests.swift in Sources */,
				BB6A119627E20208006A7174 /* QuizUITestsLaunchTests.swift in Sources */,
			);
			runOnlyForDeploymentPostprocessing = 0;
		};
		BB6A11A327E89A37006A7174 /* Sources */ = {
			isa = PBXSourcesBuildPhase;
			buildActionMask = 2147483647;
			files = (
				BB6A11AA27E89A37006A7174 /* QuizTests.swift in Sources */,
			);
			runOnlyForDeploymentPostprocessing = 0;
		};
/* End PBXSourcesBuildPhase section */

/* Begin PBXTargetDependency section */
		BB6A119827E20208006A7174 /* PBXTargetDependency */ = {
			isa = PBXTargetDependency;
			target = BB6A116427DF88EA006A7174 /* Quiz */;
			targetProxy = BB6A119727E20208006A7174 /* PBXContainerItemProxy */;
		};
		BB6A11AC27E89A37006A7174 /* PBXTargetDependency */ = {
			isa = PBXTargetDependency;
			target = BB6A116427DF88EA006A7174 /* Quiz */;
			targetProxy = BB6A11AB27E89A37006A7174 /* PBXContainerItemProxy */;
		};
/* End PBXTargetDependency section */

/* Begin PBXVariantGroup section */
		BB6A116E27DF88EA006A7174 /* Main.storyboard */ = {
			isa = PBXVariantGroup;
			children = (
				BB6A116F27DF88EA006A7174 /* Base */,
			);
			name = Main.storyboard;
			sourceTree = "<group>";
		};
		BB6A117327DF88ED006A7174 /* LaunchScreen.storyboard */ = {
			isa = PBXVariantGroup;
			children = (
				BB6A117427DF88ED006A7174 /* Base */,
			);
			name = LaunchScreen.storyboard;
			sourceTree = "<group>";
		};
/* End PBXVariantGroup section */

/* Begin XCBuildConfiguration section */
		BB6A117727DF88ED006A7174 /* Debug */ = {
			isa = XCBuildConfiguration;
			buildSettings = {
				ALWAYS_SEARCH_USER_PATHS = NO;
				CLANG_ANALYZER_NONNULL = YES;
				CLANG_ANALYZER_NUMBER_OBJECT_CONVERSION = YES_AGGRESSIVE;
				CLANG_CXX_LANGUAGE_STANDARD = "gnu++17";
				CLANG_CXX_LIBRARY = "libc++";
				CLANG_ENABLE_MODULES = YES;
				CLANG_ENABLE_OBJC_ARC = YES;
				CLANG_ENABLE_OBJC_WEAK = YES;
				CLANG_WARN_BLOCK_CAPTURE_AUTORELEASING = YES;
				CLANG_WARN_BOOL_CONVERSION = YES;
				CLANG_WARN_COMMA = YES;
				CLANG_WARN_CONSTANT_CONVERSION = YES;
				CLANG_WARN_DEPRECATED_OBJC_IMPLEMENTATIONS = YES;
				CLANG_WARN_DIRECT_OBJC_ISA_USAGE = YES_ERROR;
				CLANG_WARN_DOCUMENTATION_COMMENTS = YES;
				CLANG_WARN_EMPTY_BODY = YES;
				CLANG_WARN_ENUM_CONVERSION = YES;
				CLANG_WARN_INFINITE_RECURSION = YES;
				CLANG_WARN_INT_CONVERSION = YES;
				CLANG_WARN_NON_LITERAL_NULL_CONVERSION = YES;
				CLANG_WARN_OBJC_IMPLICIT_RETAIN_SELF = YES;
				CLANG_WARN_OBJC_LITERAL_CONVERSION = YES;
				CLANG_WARN_OBJC_ROOT_CLASS = YES_ERROR;
				CLANG_WARN_QUOTED_INCLUDE_IN_FRAMEWORK_HEADER = YES;
				CLANG_WARN_RANGE_LOOP_ANALYSIS = YES;
				CLANG_WARN_STRICT_PROTOTYPES = YES;
				CLANG_WARN_SUSPICIOUS_MOVE = YES;
				CLANG_WARN_UNGUARDED_AVAILABILITY = YES_AGGRESSIVE;
				CLANG_WARN_UNREACHABLE_CODE = YES;
				CLANG_WARN__DUPLICATE_METHOD_MATCH = YES;
				COPY_PHASE_STRIP = NO;
				DEBUG_INFORMATION_FORMAT = dwarf;
				ENABLE_STRICT_OBJC_MSGSEND = YES;
				ENABLE_TESTABILITY = YES;
				GCC_C_LANGUAGE_STANDARD = gnu11;
				GCC_DYNAMIC_NO_PIC = NO;
				GCC_NO_COMMON_BLOCKS = YES;
				GCC_OPTIMIZATION_LEVEL = 0;
				GCC_PREPROCESSOR_DEFINITIONS = (
					"DEBUG=1",
					"$(inherited)",
				);
				GCC_WARN_64_TO_32_BIT_CONVERSION = YES;
				GCC_WARN_ABOUT_RETURN_TYPE = YES_ERROR;
				GCC_WARN_UNDECLARED_SELECTOR = YES;
				GCC_WARN_UNINITIALIZED_AUTOS = YES_AGGRESSIVE;
				GCC_WARN_UNUSED_FUNCTION = YES;
				GCC_WARN_UNUSED_VARIABLE = YES;
				IPHONEOS_DEPLOYMENT_TARGET = 15.2;
				MTL_ENABLE_DEBUG_INFO = INCLUDE_SOURCE;
				MTL_FAST_MATH = YES;
				ONLY_ACTIVE_ARCH = YES;
				SDKROOT = iphoneos;
				SWIFT_ACTIVE_COMPILATION_CONDITIONS = DEBUG;
				SWIFT_OPTIMIZATION_LEVEL = "-Onone";
			};
			name = Debug;
		};
		BB6A117827DF88ED006A7174 /* Release */ = {
			isa = XCBuildConfiguration;
			buildSettings = {
				ALWAYS_SEARCH_USER_PATHS = NO;
				CLANG_ANALYZER_NONNULL = YES;
				CLANG_ANALYZER_NUMBER_OBJECT_CONVERSION = YES_AGGRESSIVE;
				CLANG_CXX_LANGUAGE_STANDARD = "gnu++17";
				CLANG_CXX_LIBRARY = "libc++";
				CLANG_ENABLE_MODULES = YES;
				CLANG_ENABLE_OBJC_ARC = YES;
				CLANG_ENABLE_OBJC_WEAK = YES;
				CLANG_WARN_BLOCK_CAPTURE_AUTORELEASING = YES;
				CLANG_WARN_BOOL_CONVERSION = YES;
				CLANG_WARN_COMMA = YES;
				CLANG_WARN_CONSTANT_CONVERSION = YES;
				CLANG_WARN_DEPRECATED_OBJC_IMPLEMENTATIONS = YES;
				CLANG_WARN_DIRECT_OBJC_ISA_USAGE = YES_ERROR;
				CLANG_WARN_DOCUMENTATION_COMMENTS = YES;
				CLANG_WARN_EMPTY_BODY = YES;
				CLANG_WARN_ENUM_CONVERSION = YES;
				CLANG_WARN_INFINITE_RECURSION = YES;
				CLANG_WARN_INT_CONVERSION = YES;
				CLANG_WARN_NON_LITERAL_NULL_CONVERSION = YES;
				CLANG_WARN_OBJC_IMPLICIT_RETAIN_SELF = YES;
				CLANG_WARN_OBJC_LITERAL_CONVERSION = YES;
				CLANG_WARN_OBJC_ROOT_CLASS = YES_ERROR;
				CLANG_WARN_QUOTED_INCLUDE_IN_FRAMEWORK_HEADER = YES;
				CLANG_WARN_RANGE_LOOP_ANALYSIS = YES;
				CLANG_WARN_STRICT_PROTOTYPES = YES;
				CLANG_WARN_SUSPICIOUS_MOVE = YES;
				CLANG_WARN_UNGUARDED_AVAILABILITY = YES_AGGRESSIVE;
				CLANG_WARN_UNREACHABLE_CODE = YES;
				CLANG_WARN__DUPLICATE_METHOD_MATCH = YES;
				COPY_PHASE_STRIP = NO;
				DEBUG_INFORMATION_FORMAT = "dwarf-with-dsym";
				ENABLE_NS_ASSERTIONS = NO;
				ENABLE_STRICT_OBJC_MSGSEND = YES;
				GCC_C_LANGUAGE_STANDARD = gnu11;
				GCC_NO_COMMON_BLOCKS = YES;
				GCC_WARN_64_TO_32_BIT_CONVERSION = YES;
				GCC_WARN_ABOUT_RETURN_TYPE = YES_ERROR;
				GCC_WARN_UNDECLARED_SELECTOR = YES;
				GCC_WARN_UNINITIALIZED_AUTOS = YES_AGGRESSIVE;
				GCC_WARN_UNUSED_FUNCTION = YES;
				GCC_WARN_UNUSED_VARIABLE = YES;
				IPHONEOS_DEPLOYMENT_TARGET = 15.2;
				MTL_ENABLE_DEBUG_INFO = NO;
				MTL_FAST_MATH = YES;
				SDKROOT = iphoneos;
				SWIFT_COMPILATION_MODE = wholemodule;
				SWIFT_OPTIMIZATION_LEVEL = "-O";
				VALIDATE_PRODUCT = YES;
			};
			name = Release;
		};
		BB6A117A27DF88ED006A7174 /* Debug */ = {
			isa = XCBuildConfiguration;
			baseConfigurationReference = 8ABB210E3CD50492645B4E7B /* Pods-Quiz.debug.xcconfig */;
			buildSettings = {
				ASSETCATALOG_COMPILER_APPICON_NAME = AppIcon;
				ASSETCATALOG_COMPILER_GLOBAL_ACCENT_COLOR_NAME = AccentColor;
				CODE_SIGN_STYLE = Automatic;
				CURRENT_PROJECT_VERSION = 1;
				DEVELOPMENT_TEAM = 4G4D5WHAZT;
				GENERATE_INFOPLIST_FILE = YES;
				INFOPLIST_FILE = Quiz/Info.plist;
				INFOPLIST_KEY_UIApplicationSupportsIndirectInputEvents = YES;
				INFOPLIST_KEY_UILaunchStoryboardName = LaunchScreen;
				INFOPLIST_KEY_UIMainStoryboardFile = Main;
				INFOPLIST_KEY_UISupportedInterfaceOrientations_iPad = "UIInterfaceOrientationPortrait UIInterfaceOrientationPortraitUpsideDown UIInterfaceOrientationLandscapeLeft UIInterfaceOrientationLandscapeRight";
				INFOPLIST_KEY_UISupportedInterfaceOrientations_iPhone = "UIInterfaceOrientationPortrait UIInterfaceOrientationLandscapeLeft UIInterfaceOrientationLandscapeRight";
				LD_RUNPATH_SEARCH_PATHS = (
					"$(inherited)",
					"@executable_path/Frameworks",
				);
				MARKETING_VERSION = 1.0;
				PRODUCT_BUNDLE_IDENTIFIER = local.Quiz;
				PRODUCT_NAME = "$(TARGET_NAME)";
				SWIFT_EMIT_LOC_STRINGS = YES;
				SWIFT_VERSION = 5.0;
				TARGETED_DEVICE_FAMILY = "1,2";
			};
			name = Debug;
		};
		BB6A117B27DF88ED006A7174 /* Release */ = {
			isa = XCBuildConfiguration;
			baseConfigurationReference = 2C5C7CABD1D4A5FE033F9256 /* Pods-Quiz.release.xcconfig */;
			buildSettings = {
				ASSETCATALOG_COMPILER_APPICON_NAME = AppIcon;
				ASSETCATALOG_COMPILER_GLOBAL_ACCENT_COLOR_NAME = AccentColor;
				CODE_SIGN_STYLE = Automatic;
				CURRENT_PROJECT_VERSION = 1;
				DEVELOPMENT_TEAM = 4G4D5WHAZT;
				GENERATE_INFOPLIST_FILE = YES;
				INFOPLIST_FILE = Quiz/Info.plist;
				INFOPLIST_KEY_UIApplicationSupportsIndirectInputEvents = YES;
				INFOPLIST_KEY_UILaunchStoryboardName = LaunchScreen;
				INFOPLIST_KEY_UIMainStoryboardFile = Main;
				INFOPLIST_KEY_UISupportedInterfaceOrientations_iPad = "UIInterfaceOrientationPortrait UIInterfaceOrientationPortraitUpsideDown UIInterfaceOrientationLandscapeLeft UIInterfaceOrientationLandscapeRight";
				INFOPLIST_KEY_UISupportedInterfaceOrientations_iPhone = "UIInterfaceOrientationPortrait UIInterfaceOrientationLandscapeLeft UIInterfaceOrientationLandscapeRight";
				LD_RUNPATH_SEARCH_PATHS = (
					"$(inherited)",
					"@executable_path/Frameworks",
				);
				MARKETING_VERSION = 1.0;
				PRODUCT_BUNDLE_IDENTIFIER = local.Quiz;
				PRODUCT_NAME = "$(TARGET_NAME)";
				SWIFT_EMIT_LOC_STRINGS = YES;
				SWIFT_VERSION = 5.0;
				TARGETED_DEVICE_FAMILY = "1,2";
			};
			name = Release;
		};
		BB6A119A27E20208006A7174 /* Debug */ = {
			isa = XCBuildConfiguration;
			baseConfigurationReference = 24BB7B95D4928A42A55437F6 /* Pods-Quiz-QuizUITests.debug.xcconfig */;
			buildSettings = {
				CODE_SIGN_STYLE = Automatic;
				CURRENT_PROJECT_VERSION = 1;
				DEVELOPMENT_TEAM = 4G4D5WHAZT;
				GENERATE_INFOPLIST_FILE = YES;
				MARKETING_VERSION = 1.0;
				PRODUCT_BUNDLE_IDENTIFIER = local.QuizUITests;
				PRODUCT_NAME = "$(TARGET_NAME)";
				SWIFT_EMIT_LOC_STRINGS = NO;
				SWIFT_VERSION = 5.0;
				TARGETED_DEVICE_FAMILY = "1,2";
				TEST_TARGET_NAME = Quiz;
			};
			name = Debug;
		};
		BB6A119B27E20208006A7174 /* Release */ = {
			isa = XCBuildConfiguration;
			baseConfigurationReference = 35D6A9D9C246E6D9096E0D99 /* Pods-Quiz-QuizUITests.release.xcconfig */;
			buildSettings = {
				CODE_SIGN_STYLE = Automatic;
				CURRENT_PROJECT_VERSION = 1;
				DEVELOPMENT_TEAM = 4G4D5WHAZT;
				GENERATE_INFOPLIST_FILE = YES;
				MARKETING_VERSION = 1.0;
				PRODUCT_BUNDLE_IDENTIFIER = local.QuizUITests;
				PRODUCT_NAME = "$(TARGET_NAME)";
				SWIFT_EMIT_LOC_STRINGS = NO;
				SWIFT_VERSION = 5.0;
				TARGETED_DEVICE_FAMILY = "1,2";
				TEST_TARGET_NAME = Quiz;
			};
			name = Release;
		};
		BB6A11AE27E89A37006A7174 /* Debug */ = {
			isa = XCBuildConfiguration;
			buildSettings = {
				BUNDLE_LOADER = "$(TEST_HOST)";
				CODE_SIGN_STYLE = Automatic;
				CURRENT_PROJECT_VERSION = 1;
				DEVELOPMENT_TEAM = 4G4D5WHAZT;
				GENERATE_INFOPLIST_FILE = YES;
				MARKETING_VERSION = 1.0;
				PRODUCT_BUNDLE_IDENTIFIER = local.QuizTests;
				PRODUCT_NAME = "$(TARGET_NAME)";
				SWIFT_EMIT_LOC_STRINGS = NO;
				SWIFT_VERSION = 5.0;
				TARGETED_DEVICE_FAMILY = "1,2";
				TEST_HOST = "$(BUILT_PRODUCTS_DIR)/Quiz.app/Quiz";
			};
			name = Debug;
		};
		BB6A11AF27E89A37006A7174 /* Release */ = {
			isa = XCBuildConfiguration;
			buildSettings = {
				BUNDLE_LOADER = "$(TEST_HOST)";
				CODE_SIGN_STYLE = Automatic;
				CURRENT_PROJECT_VERSION = 1;
				DEVELOPMENT_TEAM = 4G4D5WHAZT;
				GENERATE_INFOPLIST_FILE = YES;
				MARKETING_VERSION = 1.0;
				PRODUCT_BUNDLE_IDENTIFIER = local.QuizTests;
				PRODUCT_NAME = "$(TARGET_NAME)";
				SWIFT_EMIT_LOC_STRINGS = NO;
				SWIFT_VERSION = 5.0;
				TARGETED_DEVICE_FAMILY = "1,2";
				TEST_HOST = "$(BUILT_PRODUCTS_DIR)/Quiz.app/Quiz";
			};
			name = Release;
		};
/* End XCBuildConfiguration section */

/* Begin XCConfigurationList section */
		BB6A116027DF88EA006A7174 /* Build configuration list for PBXProject "Quiz" */ = {
			isa = XCConfigurationList;
			buildConfigurations = (
				BB6A117727DF88ED006A7174 /* Debug */,
				BB6A117827DF88ED006A7174 /* Release */,
			);
			defaultConfigurationIsVisible = 0;
			defaultConfigurationName = Release;
		};
		BB6A117927DF88ED006A7174 /* Build configuration list for PBXNativeTarget "Quiz" */ = {
			isa = XCConfigurationList;
			buildConfigurations = (
				BB6A117A27DF88ED006A7174 /* Debug */,
				BB6A117B27DF88ED006A7174 /* Release */,
			);
			defaultConfigurationIsVisible = 0;
			defaultConfigurationName = Release;
		};
		BB6A119927E20208006A7174 /* Build configuration list for PBXNativeTarget "QuizUITests" */ = {
			isa = XCConfigurationList;
			buildConfigurations = (
				BB6A119A27E20208006A7174 /* Debug */,
				BB6A119B27E20208006A7174 /* Release */,
			);
			defaultConfigurationIsVisible = 0;
			defaultConfigurationName = Release;
		};
		BB6A11AD27E89A37006A7174 /* Build configuration list for PBXNativeTarget "QuizTests" */ = {
			isa = XCConfigurationList;
			buildConfigurations = (
				BB6A11AE27E89A37006A7174 /* Debug */,
				BB6A11AF27E89A37006A7174 /* Release */,
			);
			defaultConfigurationIsVisible = 0;
			defaultConfigurationName = Release;
		};
/* End XCConfigurationList section */
	};
	rootObject = BB6A115D27DF88EA006A7174 /* Project object */;
}
